
Microsoft Visual Studio Solution File, Format Version 12.00
# Visual Studio Version 16
VisualStudioVersion = 16.0.30509.190
MinimumVisualStudioVersion = 10.0.40219.1
Project("{9A19103F-16F7-4668-BE54-9A1E7A4F7556}") = "RecastSharp", "RecastSharp\RecastSharp.csproj", "{CAEAE15E-3608-4A3B-AAC3-266DAEDA2EC6}"
EndProject
Project("{9A19103F-16F7-4668-BE54-9A1E7A4F7556}") = "RecastSharpTest", "RecastSharpTest\RecastSharpTest.csproj", "{069905F9-498B-4B90-9E77-847017BE00B5}"
EndProject
Project("{8BC9CEB8-8B4A-11D0-8D11-00A0C91BC942}") = "RecastWrapper", "..\RecastCWrapper\Build\vs2019\RecastWrapper.vcxproj", "{48E117E0-B4A1-9316-7DDC-DC93E95BD8F2}"
EndProject
Project("{8BC9CEB8-8B4A-11D0-8D11-00A0C91BC942}") = "Detour", "..\RecastCWrapper\Build\vs2019\Detour.vcxproj", "{18FEE2AD-04A0-0D84-ED5A-21D8D99B94D4}"
EndProject
Project("{2150E333-8FDC-42A3-9474-1A3956D46DE8}") = "Native", "Native", "{1B9AD23E-CAA1-4BC2-8C0A-3FBBB417EB50}"
EndProject
Project("{8BC9CEB8-8B4A-11D0-8D11-00A0C91BC942}") = "Recast", "..\RecastCWrapper\Build\vs2019\Recast.vcxproj", "{A7A881CE-934A-ACA4-7C05-C0F8684633F5}"
EndProject
Global
	GlobalSection(SolutionConfigurationPlatforms) = preSolution
		Debug Win64|Any CPU = Debug Win64|Any CPU
		Debug Win64|x64 = Debug Win64|x64
		Debug Win64|x86 = Debug Win64|x86
		Debug|Any CPU = Debug|Any CPU
		Debug|x64 = Debug|x64
		Debug|x86 = Debug|x86
		Release Win64|Any CPU = Release Win64|Any CPU
		Release Win64|x64 = Release Win64|x64
		Release Win64|x86 = Release Win64|x86
		Release|Any CPU = Release|Any CPU
		Release|x64 = Release|x64
		Release|x86 = Release|x86
	EndGlobalSection
	GlobalSection(ProjectConfigurationPlatforms) = postSolution
		{CAEAE15E-3608-4A3B-AAC3-266DAEDA2EC6}.Debug Win64|Any CPU.ActiveCfg = Debug|Any CPU
		{CAEAE15E-3608-4A3B-AAC3-266DAEDA2EC6}.Debug Win64|Any CPU.Build.0 = Debug|Any CPU
		{CAEAE15E-3608-4A3B-AAC3-266DAEDA2EC6}.Debug Win64|x64.ActiveCfg = Debug|x64
		{CAEAE15E-3608-4A3B-AAC3-266DAEDA2EC6}.Debug Win64|x64.Build.0 = Debug|x64
		{CAEAE15E-3608-4A3B-AAC3-266DAEDA2EC6}.Debug Win64|x86.ActiveCfg = Debug|x86
		{CAEAE15E-3608-4A3B-AAC3-266DAEDA2EC6}.Debug Win64|x86.Build.0 = Debug|x86
		{CAEAE15E-3608-4A3B-AAC3-266DAEDA2EC6}.Debug|Any CPU.ActiveCfg = Debug|Any CPU
		{CAEAE15E-3608-4A3B-AAC3-266DAEDA2EC6}.Debug|Any CPU.Build.0 = Debug|Any CPU
		{CAEAE15E-3608-4A3B-AAC3-266DAEDA2EC6}.Debug|x64.ActiveCfg = Debug|x64
		{CAEAE15E-3608-4A3B-AAC3-266DAEDA2EC6}.Debug|x64.Build.0 = Debug|x64
		{CAEAE15E-3608-4A3B-AAC3-266DAEDA2EC6}.Debug|x86.ActiveCfg = Debug|x86
		{CAEAE15E-3608-4A3B-AAC3-266DAEDA2EC6}.Debug|x86.Build.0 = Debug|x86
		{CAEAE15E-3608-4A3B-AAC3-266DAEDA2EC6}.Release Win64|Any CPU.ActiveCfg = Release|Any CPU
		{CAEAE15E-3608-4A3B-AAC3-266DAEDA2EC6}.Release Win64|Any CPU.Build.0 = Release|Any CPU
		{CAEAE15E-3608-4A3B-AAC3-266DAEDA2EC6}.Release Win64|x64.ActiveCfg = Release|x64
		{CAEAE15E-3608-4A3B-AAC3-266DAEDA2EC6}.Release Win64|x64.Build.0 = Release|x64
		{CAEAE15E-3608-4A3B-AAC3-266DAEDA2EC6}.Release Win64|x86.ActiveCfg = Release|x86
		{CAEAE15E-3608-4A3B-AAC3-266DAEDA2EC6}.Release Win64|x86.Build.0 = Release|x86
		{CAEAE15E-3608-4A3B-AAC3-266DAEDA2EC6}.Release|Any CPU.ActiveCfg = Release|Any CPU
		{CAEAE15E-3608-4A3B-AAC3-266DAEDA2EC6}.Release|Any CPU.Build.0 = Release|Any CPU
		{CAEAE15E-3608-4A3B-AAC3-266DAEDA2EC6}.Release|x64.ActiveCfg = Release|x64
		{CAEAE15E-3608-4A3B-AAC3-266DAEDA2EC6}.Release|x64.Build.0 = Release|x64
		{CAEAE15E-3608-4A3B-AAC3-266DAEDA2EC6}.Release|x86.ActiveCfg = Release|x86
		{CAEAE15E-3608-4A3B-AAC3-266DAEDA2EC6}.Release|x86.Build.0 = Release|x86
		{069905F9-498B-4B90-9E77-847017BE00B5}.Debug Win64|Any CPU.ActiveCfg = Debug|Any CPU
		{069905F9-498B-4B90-9E77-847017BE00B5}.Debug Win64|Any CPU.Build.0 = Debug|Any CPU
		{069905F9-498B-4B90-9E77-847017BE00B5}.Debug Win64|x64.ActiveCfg = Debug|x64
		{069905F9-498B-4B90-9E77-847017BE00B5}.Debug Win64|x64.Build.0 = Debug|x64
		{069905F9-498B-4B90-9E77-847017BE00B5}.Debug Win64|x86.ActiveCfg = Debug|x86
		{069905F9-498B-4B90-9E77-847017BE00B5}.Debug Win64|x86.Build.0 = Debug|x86
		{069905F9-498B-4B90-9E77-847017BE00B5}.Debug|Any CPU.ActiveCfg = Debug|Any CPU
		{069905F9-498B-4B90-9E77-847017BE00B5}.Debug|Any CPU.Build.0 = Debug|Any CPU
		{069905F9-498B-4B90-9E77-847017BE00B5}.Debug|x64.ActiveCfg = Debug|x64
		{069905F9-498B-4B90-9E77-847017BE00B5}.Debug|x64.Build.0 = Debug|x64
		{069905F9-498B-4B90-9E77-847017BE00B5}.Debug|x86.ActiveCfg = Debug|x86
		{069905F9-498B-4B90-9E77-847017BE00B5}.Debug|x86.Build.0 = Debug|x86
		{069905F9-498B-4B90-9E77-847017BE00B5}.Release Win64|Any CPU.ActiveCfg = Release|Any CPU
		{069905F9-498B-4B90-9E77-847017BE00B5}.Release Win64|Any CPU.Build.0 = Release|Any CPU
		{069905F9-498B-4B90-9E77-847017BE00B5}.Release Win64|x64.ActiveCfg = Release|x64
		{069905F9-498B-4B90-9E77-847017BE00B5}.Release Win64|x64.Build.0 = Release|x64
		{069905F9-498B-4B90-9E77-847017BE00B5}.Release Win64|x86.ActiveCfg = Release|x86
		{069905F9-498B-4B90-9E77-847017BE00B5}.Release Win64|x86.Build.0 = Release|x86
		{069905F9-498B-4B90-9E77-847017BE00B5}.Release|Any CPU.ActiveCfg = Release|Any CPU
		{069905F9-498B-4B90-9E77-847017BE00B5}.Release|Any CPU.Build.0 = Release|Any CPU
		{069905F9-498B-4B90-9E77-847017BE00B5}.Release|x64.ActiveCfg = Release|x64
		{069905F9-498B-4B90-9E77-847017BE00B5}.Release|x64.Build.0 = Release|x64
		{069905F9-498B-4B90-9E77-847017BE00B5}.Release|x86.ActiveCfg = Release|x86
		{069905F9-498B-4B90-9E77-847017BE00B5}.Release|x86.Build.0 = Release|x86
		{48E117E0-B4A1-9316-7DDC-DC93E95BD8F2}.Debug Win64|Any CPU.ActiveCfg = Debug Win64|Win32
		{48E117E0-B4A1-9316-7DDC-DC93E95BD8F2}.Debug Win64|x64.ActiveCfg = Debug Win64|x64
		{48E117E0-B4A1-9316-7DDC-DC93E95BD8F2}.Debug Win64|x64.Build.0 = Debug Win64|x64
		{48E117E0-B4A1-9316-7DDC-DC93E95BD8F2}.Debug Win64|x86.ActiveCfg = Debug Win64|Win32
		{48E117E0-B4A1-9316-7DDC-DC93E95BD8F2}.Debug Win64|x86.Build.0 = Debug Win64|Win32
		{48E117E0-B4A1-9316-7DDC-DC93E95BD8F2}.Debug|Any CPU.ActiveCfg = Debug|Win32
		{48E117E0-B4A1-9316-7DDC-DC93E95BD8F2}.Debug|x64.ActiveCfg = Debug|x64
		{48E117E0-B4A1-9316-7DDC-DC93E95BD8F2}.Debug|x64.Build.0 = Debug|x64
		{48E117E0-B4A1-9316-7DDC-DC93E95BD8F2}.Debug|x86.ActiveCfg = Debug|Win32
		{48E117E0-B4A1-9316-7DDC-DC93E95BD8F2}.Debug|x86.Build.0 = Debug|Win32
		{48E117E0-B4A1-9316-7DDC-DC93E95BD8F2}.Release Win64|Any CPU.ActiveCfg = Release Win64|Win32
		{48E117E0-B4A1-9316-7DDC-DC93E95BD8F2}.Release Win64|x64.ActiveCfg = Release Win64|x64
		{48E117E0-B4A1-9316-7DDC-DC93E95BD8F2}.Release Win64|x64.Build.0 = Release Win64|x64
		{48E117E0-B4A1-9316-7DDC-DC93E95BD8F2}.Release Win64|x86.ActiveCfg = Release Win64|Win32
		{48E117E0-B4A1-9316-7DDC-DC93E95BD8F2}.Release Win64|x86.Build.0 = Release Win64|Win32
		{48E117E0-B4A1-9316-7DDC-DC93E95BD8F2}.Release|Any CPU.ActiveCfg = Release|Win32
		{48E117E0-B4A1-9316-7DDC-DC93E95BD8F2}.Release|x64.ActiveCfg = Release|x64
		{48E117E0-B4A1-9316-7DDC-DC93E95BD8F2}.Release|x64.Build.0 = Release|x64
		{48E117E0-B4A1-9316-7DDC-DC93E95BD8F2}.Release|x86.ActiveCfg = Release|Win32
		{48E117E0-B4A1-9316-7DDC-DC93E95BD8F2}.Release|x86.Build.0 = Release|Win32
		{18FEE2AD-04A0-0D84-ED5A-21D8D99B94D4}.Debug Win64|Any CPU.ActiveCfg = Debug Win64|Win32
		{18FEE2AD-04A0-0D84-ED5A-21D8D99B94D4}.Debug Win64|x64.ActiveCfg = Debug Win64|x64
		{18FEE2AD-04A0-0D84-ED5A-21D8D99B94D4}.Debug Win64|x64.Build.0 = Debug Win64|x64
		{18FEE2AD-04A0-0D84-ED5A-21D8D99B94D4}.Debug Win64|x86.ActiveCfg = Debug Win64|Win32
		{18FEE2AD-04A0-0D84-ED5A-21D8D99B94D4}.Debug Win64|x86.Build.0 = Debug Win64|Win32
		{18FEE2AD-04A0-0D84-ED5A-21D8D99B94D4}.Debug|Any CPU.ActiveCfg = Debug|Win32
		{18FEE2AD-04A0-0D84-ED5A-21D8D99B94D4}.Debug|x64.ActiveCfg = Debug|x64
		{18FEE2AD-04A0-0D84-ED5A-21D8D99B94D4}.Debug|x64.Build.0 = Debug|x64
		{18FEE2AD-04A0-0D84-ED5A-21D8D99B94D4}.Debug|x86.ActiveCfg = Debug|Win32
		{18FEE2AD-04A0-0D84-ED5A-21D8D99B94D4}.Debug|x86.Build.0 = Debug|Win32
		{18FEE2AD-04A0-0D84-ED5A-21D8D99B94D4}.Release Win64|Any CPU.ActiveCfg = Release Win64|Win32
		{18FEE2AD-04A0-0D84-ED5A-21D8D99B94D4}.Release Win64|x64.ActiveCfg = Release Win64|x64
		{18FEE2AD-04A0-0D84-ED5A-21D8D99B94D4}.Release Win64|x64.Build.0 = Release Win64|x64
		{18FEE2AD-04A0-0D84-ED5A-21D8D99B94D4}.Release Win64|x86.ActiveCfg = Release Win64|Win32
		{18FEE2AD-04A0-0D84-ED5A-21D8D99B94D4}.Release Win64|x86.Build.0 = Release Win64|Win32
		{18FEE2AD-04A0-0D84-ED5A-21D8D99B94D4}.Release|Any CPU.ActiveCfg = Release|Win32
		{18FEE2AD-04A0-0D84-ED5A-21D8D99B94D4}.Release|x64.ActiveCfg = Release|x64
		{18FEE2AD-04A0-0D84-ED5A-21D8D99B94D4}.Release|x64.Build.0 = Release|x64
		{18FEE2AD-04A0-0D84-ED5A-21D8D99B94D4}.Release|x86.ActiveCfg = Release|Win32
		{18FEE2AD-04A0-0D84-ED5A-21D8D99B94D4}.Release|x86.Build.0 = Release|Win32
		{A7A881CE-934A-ACA4-7C05-C0F8684633F5}.Debug Win64|Any CPU.ActiveCfg = Debug Win64|Win32
		{A7A881CE-934A-ACA4-7C05-C0F8684633F5}.Debug Win64|x64.ActiveCfg = Debug Win64|x64
		{A7A881CE-934A-ACA4-7C05-C0F8684633F5}.Debug Win64|x64.Build.0 = Debug Win64|x64
		{A7A881CE-934A-ACA4-7C05-C0F8684633F5}.Debug Win64|x86.ActiveCfg = Debug Win64|Win32
		{A7A881CE-934A-ACA4-7C05-C0F8684633F5}.Debug Win64|x86.Build.0 = Debug Win64|Win32
		{A7A881CE-934A-ACA4-7C05-C0F8684633F5}.Debug|Any CPU.ActiveCfg = Debug|Win32
		{A7A881CE-934A-ACA4-7C05-C0F8684633F5}.Debug|x64.ActiveCfg = Debug|x64
		{A7A881CE-934A-ACA4-7C05-C0F8684633F5}.Debug|x64.Build.0 = Debug|x64
		{A7A881CE-934A-ACA4-7C05-C0F8684633F5}.Debug|x86.ActiveCfg = Debug|Win32
		{A7A881CE-934A-ACA4-7C05-C0F8684633F5}.Debug|x86.Build.0 = Debug|Win32
		{A7A881CE-934A-ACA4-7C05-C0F8684633F5}.Release Win64|Any CPU.ActiveCfg = Release Win64|Win32
		{A7A881CE-934A-ACA4-7C05-C0F8684633F5}.Release Win64|x64.ActiveCfg = Release Win64|x64
		{A7A881CE-934A-ACA4-7C05-C0F8684633F5}.Release Win64|x64.Build.0 = Release Win64|x64
		{A7A881CE-934A-ACA4-7C05-C0F8684633F5}.Release Win64|x86.ActiveCfg = Release Win64|Win32
		{A7A881CE-934A-ACA4-7C05-C0F8684633F5}.Release Win64|x86.Build.0 = Release Win64|Win32
		{A7A881CE-934A-ACA4-7C05-C0F8684633F5}.Release|Any CPU.ActiveCfg = Release|Win32
		{A7A881CE-934A-ACA4-7C05-C0F8684633F5}.Release|x64.ActiveCfg = Release|x64
		{A7A881CE-934A-ACA4-7C05-C0F8684633F5}.Release|x64.Build.0 = Release|x64
		{A7A881CE-934A-ACA4-7C05-C0F8684633F5}.Release|x86.ActiveCfg = Release|Win32
		{A7A881CE-934A-ACA4-7C05-C0F8684633F5}.Release|x86.Build.0 = Release|Win32
	EndGlobalSection
	GlobalSection(SolutionProperties) = preSolution
		HideSolutionNode = FALSE
	EndGlobalSection
	GlobalSection(NestedProjects) = preSolution
		{48E117E0-B4A1-9316-7DDC-DC93E95BD8F2} = {1B9AD23E-CAA1-4BC2-8C0A-3FBBB417EB50}
		{18FEE2AD-04A0-0D84-ED5A-21D8D99B94D4} = {1B9AD23E-CAA1-4BC2-8C0A-3FBBB417EB50}
		{A7A881CE-934A-ACA4-7C05-C0F8684633F5} = {1B9AD23E-CAA1-4BC2-8C0A-3FBBB417EB50}
	EndGlobalSection
	GlobalSection(ExtensibilityGlobals) = postSolution
		SolutionGuid = {9940919B-A9DF-42BA-BF76-EFAB491B0C82}
	EndGlobalSection
EndGlobal
